
Microsoft Visual Studio Solution File, Format Version 12.00
# Visual Studio 2013
VisualStudioVersion = 12.0.21005.1
MinimumVisualStudioVersion = 10.0.40219.1
Project("{FAE04EC0-301F-11D3-BF4B-00C04F79EFBC}") = "week8", "week8\week8.csproj", "{DF0DCCDD-644E-490E-948B-85BB2D501B9A}"
EndProject
Global
	GlobalSection(SolutionConfigurationPlatforms) = preSolution
		Debug|Any CPU = Debug|Any CPU
		Release|Any CPU = Release|Any CPU
	EndGlobalSection
	GlobalSection(ProjectConfigurationPlatforms) = postSolution
		{DF0DCCDD-644E-490E-948B-85BB2D501B9A}.Debug|Any CPU.ActiveCfg = Debug|Any CPU
		{DF0DCCDD-644E-490E-948B-85BB2D501B9A}.Debug|Any CPU.Build.0 = Debug|Any CPU
		{DF0DCCDD-644E-490E-948B-85BB2D501B9A}.Release|Any CPU.ActiveCfg = Release|Any CPU
		{DF0DCCDD-644E-490E-948B-85BB2D501B9A}.Release|Any CPU.Build.0 = Release|Any CPU
	EndGlobalSection
	GlobalSection(SolutionProperties) = preSolution
		HideSolutionNode = FALSE
	EndGlobalSection
EndGlobal
